// !$*UTF8*$!
{
	archiveVersion = 1;
	classes = {
	};
	objectVersion = 46;
	objects = {

/* Begin PBXBuildFile section */
		628CF6181B719645005A8750 /* main.m in Sources */ = {isa = PBXBuildFile; fileRef = 628CF6171B719645005A8750 /* main.m */; };
		628CF61B1B719645005A8750 /* AppDelegate.m in Sources */ = {isa = PBXBuildFile; fileRef = 628CF61A1B719645005A8750 /* AppDelegate.m */; };
		628CF61E1B719645005A8750 /* ViewController.m in Sources */ = {isa = PBXBuildFile; fileRef = 628CF61D1B719645005A8750 /* ViewController.m */; };
		628CF6211B719645005A8750 /* Main.storyboard in Resources */ = {isa = PBXBuildFile; fileRef = 628CF61F1B719645005A8750 /* Main.storyboard */; };
		628CF6231B719645005A8750 /* Images.xcassets in Resources */ = {isa = PBXBuildFile; fileRef = 628CF6221B719645005A8750 /* Images.xcassets */; };
		628CF6261B719645005A8750 /* LaunchScreen.xib in Resources */ = {isa = PBXBuildFile; fileRef = 628CF6241B719645005A8750 /* LaunchScreen.xib */; };
		628CF6321B719645005A8750 /* Runtime_NscodingTests.m in Sources */ = {isa = PBXBuildFile; fileRef = 628CF6311B719645005A8750 /* Runtime_NscodingTests.m */; };
		628CF63D1B7196BA005A8750 /* Person.m in Sources */ = {isa = PBXBuildFile; fileRef = 628CF63C1B7196BA005A8750 /* Person.m */; };
		628CF6401B71980E005A8750 /* Student.m in Sources */ = {isa = PBXBuildFile; fileRef = 628CF63F1B71980E005A8750 /* Student.m */; };
		628CF67E1B71D6B4005A8750 /* Person+More.m in Sources */ = {isa = PBXBuildFile; fileRef = 628CF67D1B71D6B4005A8750 /* Person+More.m */; };
/* End PBXBuildFile section */

/* Begin PBXContainerItemProxy section */
		628CF62C1B719645005A8750 /* PBXContainerItemProxy */ = {
			isa = PBXContainerItemProxy;
			containerPortal = 628CF60A1B719645005A8750 /* Project object */;
			proxyType = 1;
			remoteGlobalIDString = 628CF6111B719645005A8750;
			remoteInfo = Runtime_Nscoding;
		};
/* End PBXContainerItemProxy section */

/* Begin PBXFileReference section */
		628CF6121B719645005A8750 /* Runtime_Nscoding.app */ = {isa = PBXFileReference; explicitFileType = wrapper.application; includeInIndex = 0; path = Runtime_Nscoding.app; sourceTree = BUILT_PRODUCTS_DIR; };
		628CF6161B719645005A8750 /* Info.plist */ = {isa = PBXFileReference; lastKnownFileType = text.plist.xml; path = Info.plist; sourceTree = "<group>"; };
		628CF6171B719645005A8750 /* main.m */ = {isa = PBXFileReference; lastKnownFileType = sourcecode.c.objc; path = main.m; sourceTree = "<group>"; };
		628CF6191B719645005A8750 /* AppDelegate.h */ = {isa = PBXFileReference; lastKnownFileType = sourcecode.c.h; path = AppDelegate.h; sourceTree = "<group>"; };
		628CF61A1B719645005A8750 /* AppDelegate.m */ = {isa = PBXFileReference; lastKnownFileType = sourcecode.c.objc; path = AppDelegate.m; sourceTree = "<group>"; };
		628CF61C1B719645005A8750 /* ViewController.h */ = {isa = PBXFileReference; lastKnownFileType = sourcecode.c.h; path = ViewController.h; sourceTree = "<group>"; };
		628CF61D1B719645005A8750 /* ViewController.m */ = {isa = PBXFileReference; lastKnownFileType = sourcecode.c.objc; path = ViewController.m; sourceTree = "<group>"; };
		628CF6201B719645005A8750 /* Base */ = {isa = PBXFileReference; lastKnownFileType = file.storyboard; name = Base; path = Base.lproj/Main.storyboard; sourceTree = "<group>"; };
		628CF6221B719645005A8750 /* Images.xcassets */ = {isa = PBXFileReference; lastKnownFileType = folder.assetcatalog; path = Images.xcassets; sourceTree = "<group>"; };
		628CF6251B719645005A8750 /* Base */ = {isa = PBXFileReference; lastKnownFileType = file.xib; name = Base; path = Base.lproj/LaunchScreen.xib; sourceTree = "<group>"; };
		628CF62B1B719645005A8750 /* Runtime_NscodingTests.xctest */ = {isa = PBXFileReference; explicitFileType = wrapper.cfbundle; includeInIndex = 0; path = Runtime_NscodingTests.xctest; sourceTree = BUILT_PRODUCTS_DIR; };
		628CF6301B719645005A8750 /* Info.plist */ = {isa = PBXFileReference; lastKnownFileType = text.plist.xml; path = Info.plist; sourceTree = "<group>"; };
		628CF6311B719645005A8750 /* Runtime_NscodingTests.m */ = {isa = PBXFileReference; lastKnownFileType = sourcecode.c.objc; path = Runtime_NscodingTests.m; sourceTree = "<group>"; };
		628CF63B1B7196BA005A8750 /* Person.h */ = {isa = PBXFileReference; fileEncoding = 4; lastKnownFileType = sourcecode.c.h; path = Person.h; sourceTree = "<group>"; };
		628CF63C1B7196BA005A8750 /* Person.m */ = {isa = PBXFileReference; fileEncoding = 4; lastKnownFileType = sourcecode.c.objc; path = Person.m; sourceTree = "<group>"; };
		628CF63E1B71980D005A8750 /* Student.h */ = {isa = PBXFileReference; fileEncoding = 4; lastKnownFileType = sourcecode.c.h; path = Student.h; sourceTree = "<group>"; };
		628CF63F1B71980E005A8750 /* Student.m */ = {isa = PBXFileReference; fileEncoding = 4; lastKnownFileType = sourcecode.c.objc; path = Student.m; sourceTree = "<group>"; };
		628CF67C1B71D6B4005A8750 /* Person+More.h */ = {isa = PBXFileReference; fileEncoding = 4; lastKnownFileType = sourcecode.c.h; path = "Person+More.h"; sourceTree = "<group>"; };
		628CF67D1B71D6B4005A8750 /* Person+More.m */ = {isa = PBXFileReference; fileEncoding = 4; lastKnownFileType = sourcecode.c.objc; path = "Person+More.m"; sourceTree = "<group>"; };
/* End PBXFileReference section */

/* Begin PBXFrameworksBuildPhase section */
		628CF60F1B719645005A8750 /* Frameworks */ = {
			isa = PBXFrameworksBuildPhase;
			buildActionMask = 2147483647;
			files = (
			);
			runOnlyForDeploymentPostprocessing = 0;
		};
		628CF6281B719645005A8750 /* Frameworks */ = {
			isa = PBXFrameworksBuildPhase;
			buildActionMask = 2147483647;
			files = (
			);
			runOnlyForDeploymentPostprocessing = 0;
		};
/* End PBXFrameworksBuildPhase section */

/* Begin PBXGroup section */
		628CF6091B719645005A8750 = {
			isa = PBXGroup;
			children = (
				628CF6141B719645005A8750 /* Runtime_Nscoding */,
				628CF62E1B719645005A8750 /* Runtime_NscodingTests */,
				628CF6131B719645005A8750 /* Products */,
			);
			sourceTree = "<group>";
		};
		628CF6131B719645005A8750 /* Products */ = {
			isa = PBXGroup;
			children = (
				628CF6121B719645005A8750 /* Runtime_Nscoding.app */,
				628CF62B1B719645005A8750 /* Runtime_NscodingTests.xctest */,
			);
			name = Products;
			sourceTree = "<group>";
		};
		628CF6141B719645005A8750 /* Runtime_Nscoding */ = {
			isa = PBXGroup;
			children = (
				628CF6191B719645005A8750 /* AppDelegate.h */,
				628CF61A1B719645005A8750 /* AppDelegate.m */,
				628CF61C1B719645005A8750 /* ViewController.h */,
				628CF61D1B719645005A8750 /* ViewController.m */,
				628CF61F1B719645005A8750 /* Main.storyboard */,
				628CF6221B719645005A8750 /* Images.xcassets */,
				628CF6241B719645005A8750 /* LaunchScreen.xib */,
				628CF6151B719645005A8750 /* Supporting Files */,
				628CF63B1B7196BA005A8750 /* Person.h */,
				628CF63C1B7196BA005A8750 /* Person.m */,
				628CF63E1B71980D005A8750 /* Student.h */,
				628CF63F1B71980E005A8750 /* Student.m */,
				628CF67C1B71D6B4005A8750 /* Person+More.h */,
				628CF67D1B71D6B4005A8750 /* Person+More.m */,
			);
			path = Runtime_Nscoding;
			sourceTree = "<group>";
		};
		628CF6151B719645005A8750 /* Supporting Files */ = {
			isa = PBXGroup;
			children = (
				628CF6161B719645005A8750 /* Info.plist */,
				628CF6171B719645005A8750 /* main.m */,
			);
			name = "Supporting Files";
			sourceTree = "<group>";
		};
		628CF62E1B719645005A8750 /* Runtime_NscodingTests */ = {
			isa = PBXGroup;
			children = (
				628CF6311B719645005A8750 /* Runtime_NscodingTests.m */,
				628CF62F1B719645005A8750 /* Supporting Files */,
			);
			path = Runtime_NscodingTests;
			sourceTree = "<group>";
		};
		628CF62F1B719645005A8750 /* Supporting Files */ = {
			isa = PBXGroup;
			children = (
				628CF6301B719645005A8750 /* Info.plist */,
			);
			name = "Supporting Files";
			sourceTree = "<group>";
		};
/* End PBXGroup section */

/* Begin PBXNativeTarget section */
		628CF6111B719645005A8750 /* Runtime_Nscoding */ = {
			isa = PBXNativeTarget;
			buildConfigurationList = 628CF6351B719645005A8750 /* Build configuration list for PBXNativeTarget "Runtime_Nscoding" */;
			buildPhases = (
				628CF60E1B719645005A8750 /* Sources */,
				628CF60F1B719645005A8750 /* Frameworks */,
				628CF6101B719645005A8750 /* Resources */,
			);
			buildRules = (
			);
			dependencies = (
			);
			name = Runtime_Nscoding;
			productName = Runtime_Nscoding;
			productReference = 628CF6121B719645005A8750 /* Runtime_Nscoding.app */;
			productType = "com.apple.product-type.application";
		};
		628CF62A1B719645005A8750 /* Runtime_NscodingTests */ = {
			isa = PBXNativeTarget;
			buildConfigurationList = 628CF6381B719645005A8750 /* Build configuration list for PBXNativeTarget "Runtime_NscodingTests" */;
			buildPhases = (
				628CF6271B719645005A8750 /* Sources */,
				628CF6281B719645005A8750 /* Frameworks */,
				628CF6291B719645005A8750 /* Resources */,
			);
			buildRules = (
			);
			dependencies = (
				628CF62D1B719645005A8750 /* PBXTargetDependency */,
			);
			name = Runtime_NscodingTests;
			productName = Runtime_NscodingTests;
			productReference = 628CF62B1B719645005A8750 /* Runtime_NscodingTests.xctest */;
			productType = "com.apple.product-type.bundle.unit-test";
		};
/* End PBXNativeTarget section */

/* Begin PBXProject section */
		628CF60A1B719645005A8750 /* Project object */ = {
			isa = PBXProject;
			attributes = {
				LastUpgradeCheck = 0640;
				ORGANIZATIONNAME = "杨小兵";
				TargetAttributes = {
					628CF6111B719645005A8750 = {
						CreatedOnToolsVersion = 6.4;
					};
					628CF62A1B719645005A8750 = {
						CreatedOnToolsVersion = 6.4;
						TestTargetID = 628CF6111B719645005A8750;
					};
				};
			};
			buildConfigurationList = 628CF60D1B719645005A8750 /* Build configuration list for PBXProject "Runtime_Nscoding" */;
			compatibilityVersion = "Xcode 3.2";
			developmentRegion = English;
			hasScannedForEncodings = 0;
			knownRegions = (
				en,
				Base,
			);
			mainGroup = 628CF6091B719645005A8750;
			productRefGroup = 628CF6131B719645005A8750 /* Products */;
			projectDirPath = "";
			projectRoot = "";
			targets = (
				628CF6111B719645005A8750 /* Runtime_Nscoding */,
				628CF62A1B719645005A8750 /* Runtime_NscodingTests */,
			);
		};
/* End PBXProject section */

/* Begin PBXResourcesBuildPhase section */
		628CF6101B719645005A8750 /* Resources */ = {
			isa = PBXResourcesBuildPhase;
			buildActionMask = 2147483647;
			files = (
				628CF6211B719645005A8750 /* Main.storyboard in Resources */,
				628CF6261B719645005A8750 /* LaunchScreen.xib in Resources */,
				628CF6231B719645005A8750 /* Images.xcassets in Resources */,
			);
			runOnlyForDeploymentPostprocessing = 0;
		};
		628CF6291B719645005A8750 /* Resources */ = {
			isa = PBXResourcesBuildPhase;
			buildActionMask = 2147483647;
			files = (
			);
			runOnlyForDeploymentPostprocessing = 0;
		};
/* End PBXResourcesBuildPhase section */

/* Begin PBXSourcesBuildPhase section */
		628CF60E1B719645005A8750 /* Sources */ = {
			isa = PBXSourcesBuildPhase;
			buildActionMask = 2147483647;
			files = (
				628CF6401B71980E005A8750 /* Student.m in Sources */,
				628CF61E1B719645005A8750 /* ViewController.m in Sources */,
				628CF61B1B719645005A8750 /* AppDelegate.m in Sources */,
				628CF67E1B71D6B4005A8750 /* Person+More.m in Sources */,
				628CF63D1B7196BA005A8750 /* Person.m in Sources */,
				628CF6181B719645005A8750 /* main.m in Sources */,
			);
			runOnlyForDeploymentPostprocessing = 0;
		};
		628CF6271B719645005A8750 /* Sources */ = {
			isa = PBXSourcesBuildPhase;
			buildActionMask = 2147483647;
			files = (
				628CF6321B719645005A8750 /* Runtime_NscodingTests.m in Sources */,
			);
			runOnlyForDeploymentPostprocessing = 0;
		};
/* End PBXSourcesBuildPhase section */

/* Begin PBXTargetDependency section */
		628CF62D1B719645005A8750 /* PBXTargetDependency */ = {
			isa = PBXTargetDependency;
			target = 628CF6111B719645005A8750 /* Runtime_Nscoding */;
			targetProxy = 628CF62C1B719645005A8750 /* PBXContainerItemProxy */;
		};
/* End PBXTargetDependency section */

/* Begin PBXVariantGroup section */
		628CF61F1B719645005A8750 /* Main.storyboard */ = {
			isa = PBXVariantGroup;
			children = (
				628CF6201B719645005A8750 /* Base */,
			);
			name = Main.storyboard;
			sourceTree = "<group>";
		};
		628CF6241B719645005A8750 /* LaunchScreen.xib */ = {
			isa = PBXVariantGroup;
			children = (
				628CF6251B719645005A8750 /* Base */,
			);
			name = LaunchScreen.xib;
			sourceTree = "<group>";
		};
/* End PBXVariantGroup section */

/* Begin XCBuildConfiguration section */
		628CF6331B719645005A8750 /* Debug */ = {
			isa = XCBuildConfiguration;
			buildSettings = {
				ALWAYS_SEARCH_USER_PATHS = NO;
				CLANG_CXX_LANGUAGE_STANDARD = "gnu++0x";
				CLANG_CXX_LIBRARY = "libc++";
				CLANG_ENABLE_MODULES = YES;
				CLANG_ENABLE_OBJC_ARC = YES;
				CLANG_WARN_BOOL_CONVERSION = YES;
				CLANG_WARN_CONSTANT_CONVERSION = YES;
				CLANG_WARN_DIRECT_OBJC_ISA_USAGE = YES_ERROR;
				CLANG_WARN_EMPTY_BODY = YES;
				CLANG_WARN_ENUM_CONVERSION = YES;
				CLANG_WARN_INT_CONVERSION = YES;
				CLANG_WARN_OBJC_ROOT_CLASS = YES_ERROR;
				CLANG_WARN_UNREACHABLE_CODE = YES;
				CLANG_WARN__DUPLICATE_METHOD_MATCH = YES;
				"CODE_SIGN_IDENTITY[sdk=iphoneos*]" = "iPhone Developer";
				COPY_PHASE_STRIP = NO;
				DEBUG_INFORMATION_FORMAT = "dwarf-with-dsym";
				ENABLE_STRICT_OBJC_MSGSEND = YES;
				GCC_C_LANGUAGE_STANDARD = gnu99;
				GCC_DYNAMIC_NO_PIC = NO;
				GCC_NO_COMMON_BLOCKS = YES;
				GCC_OPTIMIZATION_LEVEL = 0;
				GCC_PREPROCESSOR_DEFINITIONS = (
					"DEBUG=1",
					"$(inherited)",
				);
				GCC_SYMBOLS_PRIVATE_EXTERN = NO;
				GCC_WARN_64_TO_32_BIT_CONVERSION = YES;
				GCC_WARN_ABOUT_RETURN_TYPE = YES_ERROR;
				GCC_WARN_UNDECLARED_SELECTOR = YES;
				GCC_WARN_UNINITIALIZED_AUTOS = YES_AGGRESSIVE;
				GCC_WARN_UNUSED_FUNCTION = YES;
				GCC_WARN_UNUSED_VARIABLE = YES;
				IPHONEOS_DEPLOYMENT_TARGET = 8.4;
				MTL_ENABLE_DEBUG_INFO = YES;
				ONLY_ACTIVE_ARCH = YES;
				SDKROOT = iphoneos;
			};
			name = Debug;
		};
		628CF6341B719645005A8750 /* Release */ = {
			isa = XCBuildConfiguration;
			buildSettings = {
				ALWAYS_SEARCH_USER_PATHS = NO;
				CLANG_CXX_LANGUAGE_STANDARD = "gnu++0x";
				CLANG_CXX_LIBRARY = "libc++";
				CLANG_ENABLE_MODULES = YES;
				CLANG_ENABLE_OBJC_ARC = YES;
				CLANG_WARN_BOOL_CONVERSION = YES;
				CLANG_WARN_CONSTANT_CONVERSION = YES;
				CLANG_WARN_DIRECT_OBJC_ISA_USAGE = YES_ERROR;
				CLANG_WARN_EMPTY_BODY = YES;
				CLANG_WARN_ENUM_CONVERSION = YES;
				CLANG_WARN_INT_CONVERSION = YES;
				CLANG_WARN_OBJC_ROOT_CLASS = YES_ERROR;
				CLANG_WARN_UNREACHABLE_CODE = YES;
				CLANG_WARN__DUPLICATE_METHOD_MATCH = YES;
				"CODE_SIGN_IDENTITY[sdk=iphoneos*]" = "iPhone Developer";
				COPY_PHASE_STRIP = NO;
				DEBUG_INFORMATION_FORMAT = "dwarf-with-dsym";
				ENABLE_NS_ASSERTIONS = NO;
				ENABLE_STRICT_OBJC_MSGSEND = YES;
				GCC_C_LANGUAGE_STANDARD = gnu99;
				GCC_NO_COMMON_BLOCKS = YES;
				GCC_WARN_64_TO_32_BIT_CONVERSION = YES;
				GCC_WARN_ABOUT_RETURN_TYPE = YES_ERROR;
				GCC_WARN_UNDECLARED_SELECTOR = YES;
				GCC_WARN_UNINITIALIZED_AUTOS = YES_AGGRESSIVE;
				GCC_WARN_UNUSED_FUNCTION = YES;
				GCC_WARN_UNUSED_VARIABLE = YES;
				IPHONEOS_DEPLOYMENT_TARGET = 8.4;
				MTL_ENABLE_DEBUG_INFO = NO;
				SDKROOT = iphoneos;
				VALIDATE_PRODUCT = YES;
			};
			name = Release;
		};
		628CF6361B719645005A8750 /* Debug */ = {
			isa = XCBuildConfiguration;
			buildSettings = {
				ASSETCATALOG_COMPILER_APPICON_NAME = AppIcon;
				INFOPLIST_FILE = Runtime_Nscoding/Info.plist;
				LD_RUNPATH_SEARCH_PATHS = "$(inherited) @executable_path/Frameworks";
				PRODUCT_NAME = "$(TARGET_NAME)";
			};
			name = Debug;
		};
		628CF6371B719645005A8750 /* Release */ = {
			isa = XCBuildConfiguration;
			buildSettings = {
				ASSETCATALOG_COMPILER_APPICON_NAME = AppIcon;
				INFOPLIST_FILE = Runtime_Nscoding/Info.plist;
				LD_RUNPATH_SEARCH_PATHS = "$(inherited) @executable_path/Frameworks";
				PRODUCT_NAME = "$(TARGET_NAME)";
			};
			name = Release;
		};
		628CF6391B719645005A8750 /* Debug */ = {
			isa = XCBuildConfiguration;
			buildSettings = {
				BUNDLE_LOADER = "$(TEST_HOST)";
				FRAMEWORK_SEARCH_PATHS = (
					"$(SDKROOT)/Developer/Library/Frameworks",
					"$(inherited)",
				);
				GCC_PREPROCESSOR_DEFINITIONS = (
					"DEBUG=1",
					"$(inherited)",
				);
				INFOPLIST_FILE = Runtime_NscodingTests/Info.plist;
				LD_RUNPATH_SEARCH_PATHS = "$(inherited) @executable_path/Frameworks @loader_path/Frameworks";
				PRODUCT_NAME = "$(TARGET_NAME)";
				TEST_HOST = "$(BUILT_PRODUCTS_DIR)/Runtime_Nscoding.app/Runtime_Nscoding";
			};
			name = Debug;
		};
		628CF63A1B719645005A8750 /* Release */ = {
			isa = XCBuildConfiguration;
			buildSettings = {
				BUNDLE_LOADER = "$(TEST_HOST)";
				FRAMEWORK_SEARCH_PATHS = (
					"$(SDKROOT)/Developer/Library/Frameworks",
					"$(inherited)",
				);
				INFOPLIST_FILE = Runtime_NscodingTests/Info.plist;
				LD_RUNPATH_SEARCH_PATHS = "$(inherited) @executable_path/Frameworks @loader_path/Frameworks";
				PRODUCT_NAME = "$(TARGET_NAME)";
				TEST_HOST = "$(BUILT_PRODUCTS_DIR)/Runtime_Nscoding.app/Runtime_Nscoding";
			};
			name = Release;
		};
/* End XCBuildConfiguration section */

/* Begin XCConfigurationList section */
		628CF60D1B719645005A8750 /* Build configuration list for PBXProject "Runtime_Nscoding" */ = {
			isa = XCConfigurationList;
			buildConfigurations = (
				628CF6331B719645005A8750 /* Debug */,
				628CF6341B719645005A8750 /* Release */,
			);
			defaultConfigurationIsVisible = 0;
			defaultConfigurationName = Release;
		};
		628CF6351B719645005A8750 /* Build configuration list for PBXNativeTarget "Runtime_Nscoding" */ = {
			isa = XCConfigurationList;
			buildConfigurations = (
				628CF6361B719645005A8750 /* Debug */,
				628CF6371B719645005A8750 /* Release */,
			);
			defaultConfigurationIsVisible = 0;
			defaultConfigurationName = Release;
		};
		628CF6381B719645005A8750 /* Build configuration list for PBXNativeTarget "Runtime_NscodingTests" */ = {
			isa = XCConfigurationList;
			buildConfigurations = (
				628CF6391B719645005A8750 /* Debug */,
				628CF63A1B719645005A8750 /* Release */,
			);
			defaultConfigurationIsVisible = 0;
			defaultConfigurationName = Release;
		};
/* End XCConfigurationList section */
	};
	rootObject = 628CF60A1B719645005A8750 /* Project object */;
}
